
Microsoft Visual Studio Solution File, Format Version 12.00
# Visual Studio Version 16
VisualStudioVersion = 16.0.29201.188
MinimumVisualStudioVersion = 10.0.40219.1
Project("{FAE04EC0-301F-11D3-BF4B-00C04F79EFBC}") = "Marketplace.Model", "Marketplace.Model\Marketplace.Model.csproj", "{5D4E47EB-FE97-4829-8BD4-3A45462D5F1E}"
EndProject
Project("{FAE04EC0-301F-11D3-BF4B-00C04F79EFBC}") = "Marketplace.Data", "Marketplace.Data\Marketplace.Data.csproj", "{EB77744A-BB9F-495C-A10D-D7317B716AB7}"
EndProject
Project("{FAE04EC0-301F-11D3-BF4B-00C04F79EFBC}") = "Marketplace.Service", "Marketplace.Service\Marketplace.Service.csproj", "{F83309C0-E193-48B3-9AB8-8FB81AE5C265}"
EndProject
Project("{FAE04EC0-301F-11D3-BF4B-00C04F79EFBC}") = "Marketplace.Api", "Marketplace.Api\Marketplace.Api.csproj", "{8E6FAA73-6F79-43A7-8EB3-37E784BAB210}"
EndProject
Global
	GlobalSection(SolutionConfigurationPlatforms) = preSolution
		Debug|Any CPU = Debug|Any CPU
		Release|Any CPU = Release|Any CPU
	EndGlobalSection
	GlobalSection(ProjectConfigurationPlatforms) = postSolution
		{5D4E47EB-FE97-4829-8BD4-3A45462D5F1E}.Debug|Any CPU.ActiveCfg = Debug|Any CPU
		{5D4E47EB-FE97-4829-8BD4-3A45462D5F1E}.Debug|Any CPU.Build.0 = Debug|Any CPU
		{5D4E47EB-FE97-4829-8BD4-3A45462D5F1E}.Release|Any CPU.ActiveCfg = Release|Any CPU
		{5D4E47EB-FE97-4829-8BD4-3A45462D5F1E}.Release|Any CPU.Build.0 = Release|Any CPU
		{EB77744A-BB9F-495C-A10D-D7317B716AB7}.Debug|Any CPU.ActiveCfg = Debug|Any CPU
		{EB77744A-BB9F-495C-A10D-D7317B716AB7}.Debug|Any CPU.Build.0 = Debug|Any CPU
		{EB77744A-BB9F-495C-A10D-D7317B716AB7}.Release|Any CPU.ActiveCfg = Release|Any CPU
		{EB77744A-BB9F-495C-A10D-D7317B716AB7}.Release|Any CPU.Build.0 = Release|Any CPU
		{F83309C0-E193-48B3-9AB8-8FB81AE5C265}.Debug|Any CPU.ActiveCfg = Debug|Any CPU
		{F83309C0-E193-48B3-9AB8-8FB81AE5C265}.Debug|Any CPU.Build.0 = Debug|Any CPU
		{F83309C0-E193-48B3-9AB8-8FB81AE5C265}.Release|Any CPU.ActiveCfg = Release|Any CPU
		{F83309C0-E193-48B3-9AB8-8FB81AE5C265}.Release|Any CPU.Build.0 = Release|Any CPU
		{8E6FAA73-6F79-43A7-8EB3-37E784BAB210}.Debug|Any CPU.ActiveCfg = Debug|Any CPU
		{8E6FAA73-6F79-43A7-8EB3-37E784BAB210}.Debug|Any CPU.Build.0 = Debug|Any CPU
		{8E6FAA73-6F79-43A7-8EB3-37E784BAB210}.Release|Any CPU.ActiveCfg = Release|Any CPU
		{8E6FAA73-6F79-43A7-8EB3-37E784BAB210}.Release|Any CPU.Build.0 = Release|Any CPU
	EndGlobalSection
	GlobalSection(SolutionProperties) = preSolution
		HideSolutionNode = FALSE
	EndGlobalSection
	GlobalSection(ExtensibilityGlobals) = postSolution
		SolutionGuid = {20D23157-9A1C-4D9F-B41A-EE4A1A56D64D}
	EndGlobalSection
EndGlobal
