
Microsoft Visual Studio Solution File, Format Version 12.00
# Visual Studio Version 16
VisualStudioVersion = 16.0.29001.49
MinimumVisualStudioVersion = 10.0.40219.1
Project("{9A19103F-16F7-4668-BE54-9A1E7A4F7556}") = "Marketplace.Data", "Marketplace.Data\Marketplace.Data.csproj", "{87EB2274-394C-49DF-B05D-515105ECB5D1}"
EndProject
Project("{9A19103F-16F7-4668-BE54-9A1E7A4F7556}") = "Marketplace.Service", "Marketplace.Service\Marketplace.Service.csproj", "{0101934D-4406-47ED-A403-BE890063B59D}"
EndProject
Project("{9A19103F-16F7-4668-BE54-9A1E7A4F7556}") = "Marketplace.Model", "Marketplace.Model\Marketplace.Model.csproj", "{0C0A5532-8218-408C-98A0-0B1B44F79383}"
EndProject
Project("{9A19103F-16F7-4668-BE54-9A1E7A4F7556}") = "Marketplace.Web", "Marketplace.Web\Marketplace.Web.csproj", "{761971B6-D77A-45E0-880F-17AF0143B9A9}"
EndProject
Project("{9A19103F-16F7-4668-BE54-9A1E7A4F7556}") = "Marketplace.Api", "Marketplace.Api\Marketplace.Api.csproj", "{FA01E98F-B940-41FD-BAB1-FED05DA4BD8A}"
EndProject
Project("{9A19103F-16F7-4668-BE54-9A1E7A4F7556}") = "Marketplace.Blazor.Client", "C:\Users\User\Desktop\sac\Marketplace.Blazor\Marketplace.Blazor.Client\Marketplace.Blazor.Client.csproj", "{075EAAD8-1917-473E-B2A3-7622C3AF1DE6}"
EndProject
Project("{9A19103F-16F7-4668-BE54-9A1E7A4F7556}") = "Marketplace.Blazor.Server", "C:\Users\User\Desktop\sac\Marketplace.Blazor\Marketplace.Blazor.Server\Marketplace.Blazor.Server.csproj", "{580EB8DE-980A-4F9E-A032-79FFDEEFE370}"
EndProject
Project("{9A19103F-16F7-4668-BE54-9A1E7A4F7556}") = "Marketplace.Blazor.Shared", "C:\Users\User\Desktop\sac\Marketplace.Blazor\Marketplace.Blazor.Shared\Marketplace.Blazor.Shared.csproj", "{827C7105-33C3-48ED-A4F1-093EA5D7B8CD}"
EndProject
Global
	GlobalSection(SolutionConfigurationPlatforms) = preSolution
		Debug|Any CPU = Debug|Any CPU
		Release|Any CPU = Release|Any CPU
	EndGlobalSection
	GlobalSection(ProjectConfigurationPlatforms) = postSolution
		{87EB2274-394C-49DF-B05D-515105ECB5D1}.Debug|Any CPU.ActiveCfg = Debug|Any CPU
		{87EB2274-394C-49DF-B05D-515105ECB5D1}.Debug|Any CPU.Build.0 = Debug|Any CPU
		{87EB2274-394C-49DF-B05D-515105ECB5D1}.Release|Any CPU.ActiveCfg = Release|Any CPU
		{87EB2274-394C-49DF-B05D-515105ECB5D1}.Release|Any CPU.Build.0 = Release|Any CPU
		{0101934D-4406-47ED-A403-BE890063B59D}.Debug|Any CPU.ActiveCfg = Debug|Any CPU
		{0101934D-4406-47ED-A403-BE890063B59D}.Debug|Any CPU.Build.0 = Debug|Any CPU
		{0101934D-4406-47ED-A403-BE890063B59D}.Release|Any CPU.ActiveCfg = Release|Any CPU
		{0101934D-4406-47ED-A403-BE890063B59D}.Release|Any CPU.Build.0 = Release|Any CPU
		{0C0A5532-8218-408C-98A0-0B1B44F79383}.Debug|Any CPU.ActiveCfg = Debug|Any CPU
		{0C0A5532-8218-408C-98A0-0B1B44F79383}.Debug|Any CPU.Build.0 = Debug|Any CPU
		{0C0A5532-8218-408C-98A0-0B1B44F79383}.Release|Any CPU.ActiveCfg = Release|Any CPU
		{0C0A5532-8218-408C-98A0-0B1B44F79383}.Release|Any CPU.Build.0 = Release|Any CPU
		{761971B6-D77A-45E0-880F-17AF0143B9A9}.Debug|Any CPU.ActiveCfg = Debug|Any CPU
		{761971B6-D77A-45E0-880F-17AF0143B9A9}.Debug|Any CPU.Build.0 = Debug|Any CPU
		{761971B6-D77A-45E0-880F-17AF0143B9A9}.Release|Any CPU.ActiveCfg = Release|Any CPU
		{761971B6-D77A-45E0-880F-17AF0143B9A9}.Release|Any CPU.Build.0 = Release|Any CPU
		{FA01E98F-B940-41FD-BAB1-FED05DA4BD8A}.Debug|Any CPU.ActiveCfg = Debug|Any CPU
		{FA01E98F-B940-41FD-BAB1-FED05DA4BD8A}.Debug|Any CPU.Build.0 = Debug|Any CPU
		{FA01E98F-B940-41FD-BAB1-FED05DA4BD8A}.Release|Any CPU.ActiveCfg = Release|Any CPU
		{FA01E98F-B940-41FD-BAB1-FED05DA4BD8A}.Release|Any CPU.Build.0 = Release|Any CPU
		{075EAAD8-1917-473E-B2A3-7622C3AF1DE6}.Debug|Any CPU.ActiveCfg = Debug|Any CPU
		{075EAAD8-1917-473E-B2A3-7622C3AF1DE6}.Debug|Any CPU.Build.0 = Debug|Any CPU
		{075EAAD8-1917-473E-B2A3-7622C3AF1DE6}.Release|Any CPU.ActiveCfg = Release|Any CPU
		{075EAAD8-1917-473E-B2A3-7622C3AF1DE6}.Release|Any CPU.Build.0 = Release|Any CPU
		{580EB8DE-980A-4F9E-A032-79FFDEEFE370}.Debug|Any CPU.ActiveCfg = Debug|Any CPU
		{580EB8DE-980A-4F9E-A032-79FFDEEFE370}.Debug|Any CPU.Build.0 = Debug|Any CPU
		{580EB8DE-980A-4F9E-A032-79FFDEEFE370}.Release|Any CPU.ActiveCfg = Release|Any CPU
		{580EB8DE-980A-4F9E-A032-79FFDEEFE370}.Release|Any CPU.Build.0 = Release|Any CPU
		{827C7105-33C3-48ED-A4F1-093EA5D7B8CD}.Debug|Any CPU.ActiveCfg = Debug|Any CPU
		{827C7105-33C3-48ED-A4F1-093EA5D7B8CD}.Debug|Any CPU.Build.0 = Debug|Any CPU
		{827C7105-33C3-48ED-A4F1-093EA5D7B8CD}.Release|Any CPU.ActiveCfg = Release|Any CPU
		{827C7105-33C3-48ED-A4F1-093EA5D7B8CD}.Release|Any CPU.Build.0 = Release|Any CPU
	EndGlobalSection
	GlobalSection(SolutionProperties) = preSolution
		HideSolutionNode = FALSE
	EndGlobalSection
	GlobalSection(ExtensibilityGlobals) = postSolution
		SolutionGuid = {42E68AF4-3267-4AEC-86BA-7300D35E27A7}
	EndGlobalSection
EndGlobal
